
Microsoft Visual Studio Solution File, Format Version 12.00
# Visual Studio 15
VisualStudioVersion = 15.0.27004.2009
MinimumVisualStudioVersion = 10.0.40219.1
Project("{FAE04EC0-301F-11D3-BF4B-00C04F79EFBC}") = "IncrementElement", "IncrementElement\IncrementElement.csproj", "{11C83E4D-E05C-427B-A80E-E7B6A2A64DB1}"
EndProject
Global
	GlobalSection(SolutionConfigurationPlatforms) = preSolution
		Debug|Any CPU = Debug|Any CPU
		Release|Any CPU = Release|Any CPU
	EndGlobalSection
	GlobalSection(ProjectConfigurationPlatforms) = postSolution
		{11C83E4D-E05C-427B-A80E-E7B6A2A64DB1}.Debug|Any CPU.ActiveCfg = Debug|Any CPU
		{11C83E4D-E05C-427B-A80E-E7B6A2A64DB1}.Debug|Any CPU.Build.0 = Debug|Any CPU
		{11C83E4D-E05C-427B-A80E-E7B6A2A64DB1}.Release|Any CPU.ActiveCfg = Release|Any CPU
		{11C83E4D-E05C-427B-A80E-E7B6A2A64DB1}.Release|Any CPU.Build.0 = Release|Any CPU
	EndGlobalSection
	GlobalSection(SolutionProperties) = preSolution
		HideSolutionNode = FALSE
	EndGlobalSection
	GlobalSection(ExtensibilityGlobals) = postSolution
		SolutionGuid = {B901A620-2231-43C7-9006-967C356AEE5B}
	EndGlobalSection
EndGlobal
