
Microsoft Visual Studio Solution File, Format Version 12.00
# Visual Studio 15
VisualStudioVersion = 15.0.27004.2009
MinimumVisualStudioVersion = 10.0.40219.1
Project("{FAE04EC0-301F-11D3-BF4B-00C04F79EFBC}") = "CenterBoxFunction", "CenterBoxFunction\CenterBoxFunction.csproj", "{CDB050F9-D661-4CF3-8B24-34796A75DB15}"
EndProject
Global
	GlobalSection(SolutionConfigurationPlatforms) = preSolution
		Debug|Any CPU = Debug|Any CPU
		Release|Any CPU = Release|Any CPU
	EndGlobalSection
	GlobalSection(ProjectConfigurationPlatforms) = postSolution
		{CDB050F9-D661-4CF3-8B24-34796A75DB15}.Debug|Any CPU.ActiveCfg = Debug|Any CPU
		{CDB050F9-D661-4CF3-8B24-34796A75DB15}.Debug|Any CPU.Build.0 = Debug|Any CPU
		{CDB050F9-D661-4CF3-8B24-34796A75DB15}.Release|Any CPU.ActiveCfg = Release|Any CPU
		{CDB050F9-D661-4CF3-8B24-34796A75DB15}.Release|Any CPU.Build.0 = Release|Any CPU
	EndGlobalSection
	GlobalSection(SolutionProperties) = preSolution
		HideSolutionNode = FALSE
	EndGlobalSection
	GlobalSection(ExtensibilityGlobals) = postSolution
		SolutionGuid = {8CC44C43-2624-4C0C-8A02-80059FBD20C8}
	EndGlobalSection
EndGlobal
