
Microsoft Visual Studio Solution File, Format Version 12.00
# Visual Studio 15
VisualStudioVersion = 15.0.27004.2009
MinimumVisualStudioVersion = 10.0.40219.1
Project("{FAE04EC0-301F-11D3-BF4B-00C04F79EFBC}") = "DrawPyramid", "DrawPyramid\DrawPyramid.csproj", "{61EA1F0C-D093-486A-A30B-4C623550FE34}"
EndProject
Global
	GlobalSection(SolutionConfigurationPlatforms) = preSolution
		Debug|Any CPU = Debug|Any CPU
		Release|Any CPU = Release|Any CPU
	EndGlobalSection
	GlobalSection(ProjectConfigurationPlatforms) = postSolution
		{61EA1F0C-D093-486A-A30B-4C623550FE34}.Debug|Any CPU.ActiveCfg = Debug|Any CPU
		{61EA1F0C-D093-486A-A30B-4C623550FE34}.Debug|Any CPU.Build.0 = Debug|Any CPU
		{61EA1F0C-D093-486A-A30B-4C623550FE34}.Release|Any CPU.ActiveCfg = Release|Any CPU
		{61EA1F0C-D093-486A-A30B-4C623550FE34}.Release|Any CPU.Build.0 = Release|Any CPU
	EndGlobalSection
	GlobalSection(SolutionProperties) = preSolution
		HideSolutionNode = FALSE
	EndGlobalSection
	GlobalSection(ExtensibilityGlobals) = postSolution
		SolutionGuid = {49DEDA2F-D909-4686-AF12-06F419F09624}
	EndGlobalSection
EndGlobal
