
Microsoft Visual Studio Solution File, Format Version 12.00
# Visual Studio 15
VisualStudioVersion = 15.0.27004.2009
MinimumVisualStudioVersion = 10.0.40219.1
Project("{FAE04EC0-301F-11D3-BF4B-00C04F79EFBC}") = "CountLines", "CountLines\CountLines.csproj", "{151A68EE-CB49-4A44-B4AF-80B9AB16E03E}"
EndProject
Global
	GlobalSection(SolutionConfigurationPlatforms) = preSolution
		Debug|Any CPU = Debug|Any CPU
		Release|Any CPU = Release|Any CPU
	EndGlobalSection
	GlobalSection(ProjectConfigurationPlatforms) = postSolution
		{151A68EE-CB49-4A44-B4AF-80B9AB16E03E}.Debug|Any CPU.ActiveCfg = Debug|Any CPU
		{151A68EE-CB49-4A44-B4AF-80B9AB16E03E}.Debug|Any CPU.Build.0 = Debug|Any CPU
		{151A68EE-CB49-4A44-B4AF-80B9AB16E03E}.Release|Any CPU.ActiveCfg = Release|Any CPU
		{151A68EE-CB49-4A44-B4AF-80B9AB16E03E}.Release|Any CPU.Build.0 = Release|Any CPU
	EndGlobalSection
	GlobalSection(SolutionProperties) = preSolution
		HideSolutionNode = FALSE
	EndGlobalSection
	GlobalSection(ExtensibilityGlobals) = postSolution
		SolutionGuid = {BB4B1E09-249C-4381-BA55-55C1D34EA1B9}
	EndGlobalSection
EndGlobal
