
Microsoft Visual Studio Solution File, Format Version 12.00
# Visual Studio 15
VisualStudioVersion = 15.0.27130.2003
MinimumVisualStudioVersion = 10.0.40219.1
Project("{FAE04EC0-301F-11D3-BF4B-00C04F79EFBC}") = "Apple", "Apple\Apple.csproj", "{2645D2CD-410E-482E-AF4B-78A30183EF38}"
EndProject
Project("{FAE04EC0-301F-11D3-BF4B-00C04F79EFBC}") = "AppleTest", "AppleTest\AppleTest.csproj", "{1D7287CE-39A5-42C1-84C3-4CBB5BC4BD60}"
EndProject
Global
	GlobalSection(SolutionConfigurationPlatforms) = preSolution
		Debug|Any CPU = Debug|Any CPU
		Release|Any CPU = Release|Any CPU
	EndGlobalSection
	GlobalSection(ProjectConfigurationPlatforms) = postSolution
		{2645D2CD-410E-482E-AF4B-78A30183EF38}.Debug|Any CPU.ActiveCfg = Debug|Any CPU
		{2645D2CD-410E-482E-AF4B-78A30183EF38}.Debug|Any CPU.Build.0 = Debug|Any CPU
		{2645D2CD-410E-482E-AF4B-78A30183EF38}.Release|Any CPU.ActiveCfg = Release|Any CPU
		{2645D2CD-410E-482E-AF4B-78A30183EF38}.Release|Any CPU.Build.0 = Release|Any CPU
		{1D7287CE-39A5-42C1-84C3-4CBB5BC4BD60}.Debug|Any CPU.ActiveCfg = Debug|Any CPU
		{1D7287CE-39A5-42C1-84C3-4CBB5BC4BD60}.Debug|Any CPU.Build.0 = Debug|Any CPU
		{1D7287CE-39A5-42C1-84C3-4CBB5BC4BD60}.Release|Any CPU.ActiveCfg = Release|Any CPU
		{1D7287CE-39A5-42C1-84C3-4CBB5BC4BD60}.Release|Any CPU.Build.0 = Release|Any CPU
	EndGlobalSection
	GlobalSection(SolutionProperties) = preSolution
		HideSolutionNode = FALSE
	EndGlobalSection
	GlobalSection(ExtensibilityGlobals) = postSolution
		SolutionGuid = {34AC40C0-6439-4980-A640-327089CB6C9F}
	EndGlobalSection
EndGlobal
