
Microsoft Visual Studio Solution File, Format Version 12.00
# Visual Studio 15
VisualStudioVersion = 15.0.27004.2009
MinimumVisualStudioVersion = 10.0.40219.1
Project("{FAE04EC0-301F-11D3-BF4B-00C04F79EFBC}") = "Doubling", "Doubling\Doubling.csproj", "{8C69FECF-07C5-443C-95F4-E6581147ABB1}"
EndProject
Global
	GlobalSection(SolutionConfigurationPlatforms) = preSolution
		Debug|Any CPU = Debug|Any CPU
		Release|Any CPU = Release|Any CPU
	EndGlobalSection
	GlobalSection(ProjectConfigurationPlatforms) = postSolution
		{8C69FECF-07C5-443C-95F4-E6581147ABB1}.Debug|Any CPU.ActiveCfg = Debug|Any CPU
		{8C69FECF-07C5-443C-95F4-E6581147ABB1}.Debug|Any CPU.Build.0 = Debug|Any CPU
		{8C69FECF-07C5-443C-95F4-E6581147ABB1}.Release|Any CPU.ActiveCfg = Release|Any CPU
		{8C69FECF-07C5-443C-95F4-E6581147ABB1}.Release|Any CPU.Build.0 = Release|Any CPU
	EndGlobalSection
	GlobalSection(SolutionProperties) = preSolution
		HideSolutionNode = FALSE
	EndGlobalSection
	GlobalSection(ExtensibilityGlobals) = postSolution
		SolutionGuid = {2D3AD8D1-6A87-4E35-B648-A63E0721D1F2}
	EndGlobalSection
EndGlobal
