
Microsoft Visual Studio Solution File, Format Version 12.00
# Visual Studio 15
VisualStudioVersion = 15.0.27004.2009
MinimumVisualStudioVersion = 10.0.40219.1
Project("{FAE04EC0-301F-11D3-BF4B-00C04F79EFBC}") = "SimpleReplace", "SimpleReplace\SimpleReplace.csproj", "{FF8D1B19-803B-4380-82E6-F29B551678A2}"
EndProject
Global
	GlobalSection(SolutionConfigurationPlatforms) = preSolution
		Debug|Any CPU = Debug|Any CPU
		Release|Any CPU = Release|Any CPU
	EndGlobalSection
	GlobalSection(ProjectConfigurationPlatforms) = postSolution
		{FF8D1B19-803B-4380-82E6-F29B551678A2}.Debug|Any CPU.ActiveCfg = Debug|Any CPU
		{FF8D1B19-803B-4380-82E6-F29B551678A2}.Debug|Any CPU.Build.0 = Debug|Any CPU
		{FF8D1B19-803B-4380-82E6-F29B551678A2}.Release|Any CPU.ActiveCfg = Release|Any CPU
		{FF8D1B19-803B-4380-82E6-F29B551678A2}.Release|Any CPU.Build.0 = Release|Any CPU
	EndGlobalSection
	GlobalSection(SolutionProperties) = preSolution
		HideSolutionNode = FALSE
	EndGlobalSection
	GlobalSection(ExtensibilityGlobals) = postSolution
		SolutionGuid = {013B196F-2380-4470-A200-EB37B90D5FDB}
	EndGlobalSection
EndGlobal
