
Microsoft Visual Studio Solution File, Format Version 12.00
# Visual Studio 15
VisualStudioVersion = 15.0.27004.2009
MinimumVisualStudioVersion = 10.0.40219.1
Project("{FAE04EC0-301F-11D3-BF4B-00C04F79EFBC}") = "RainbowBoxFunction", "RainbowBoxFunction\RainbowBoxFunction.csproj", "{1773C8F6-9311-4D35-B5D6-8DAC738E4CAA}"
EndProject
Global
	GlobalSection(SolutionConfigurationPlatforms) = preSolution
		Debug|Any CPU = Debug|Any CPU
		Release|Any CPU = Release|Any CPU
	EndGlobalSection
	GlobalSection(ProjectConfigurationPlatforms) = postSolution
		{1773C8F6-9311-4D35-B5D6-8DAC738E4CAA}.Debug|Any CPU.ActiveCfg = Debug|Any CPU
		{1773C8F6-9311-4D35-B5D6-8DAC738E4CAA}.Debug|Any CPU.Build.0 = Debug|Any CPU
		{1773C8F6-9311-4D35-B5D6-8DAC738E4CAA}.Release|Any CPU.ActiveCfg = Release|Any CPU
		{1773C8F6-9311-4D35-B5D6-8DAC738E4CAA}.Release|Any CPU.Build.0 = Release|Any CPU
	EndGlobalSection
	GlobalSection(SolutionProperties) = preSolution
		HideSolutionNode = FALSE
	EndGlobalSection
	GlobalSection(ExtensibilityGlobals) = postSolution
		SolutionGuid = {BE8759A7-9B2B-44BB-B674-6B3F404356CF}
	EndGlobalSection
EndGlobal
