
Microsoft Visual Studio Solution File, Format Version 12.00
# Visual Studio 15
VisualStudioVersion = 15.0.27004.2009
MinimumVisualStudioVersion = 10.0.40219.1
Project("{FAE04EC0-301F-11D3-BF4B-00C04F79EFBC}") = "Reverse", "Reverse\Reverse.csproj", "{916778FF-70C3-4583-85C0-9B6FD0554986}"
EndProject
Global
	GlobalSection(SolutionConfigurationPlatforms) = preSolution
		Debug|Any CPU = Debug|Any CPU
		Release|Any CPU = Release|Any CPU
	EndGlobalSection
	GlobalSection(ProjectConfigurationPlatforms) = postSolution
		{916778FF-70C3-4583-85C0-9B6FD0554986}.Debug|Any CPU.ActiveCfg = Debug|Any CPU
		{916778FF-70C3-4583-85C0-9B6FD0554986}.Debug|Any CPU.Build.0 = Debug|Any CPU
		{916778FF-70C3-4583-85C0-9B6FD0554986}.Release|Any CPU.ActiveCfg = Release|Any CPU
		{916778FF-70C3-4583-85C0-9B6FD0554986}.Release|Any CPU.Build.0 = Release|Any CPU
	EndGlobalSection
	GlobalSection(SolutionProperties) = preSolution
		HideSolutionNode = FALSE
	EndGlobalSection
	GlobalSection(ExtensibilityGlobals) = postSolution
		SolutionGuid = {FE2B4526-6C1C-4D31-93B7-06C942650CB0}
	EndGlobalSection
EndGlobal
