
Microsoft Visual Studio Solution File, Format Version 12.00
# Visual Studio 15
VisualStudioVersion = 15.0.27004.2009
MinimumVisualStudioVersion = 10.0.40219.1
Project("{FAE04EC0-301F-11D3-BF4B-00C04F79EFBC}") = "PalindromBuilder", "PalindromBuilder\PalindromBuilder.csproj", "{1F6A9320-E2A5-433F-ADED-0DF09E778D2A}"
EndProject
Global
	GlobalSection(SolutionConfigurationPlatforms) = preSolution
		Debug|Any CPU = Debug|Any CPU
		Release|Any CPU = Release|Any CPU
	EndGlobalSection
	GlobalSection(ProjectConfigurationPlatforms) = postSolution
		{1F6A9320-E2A5-433F-ADED-0DF09E778D2A}.Debug|Any CPU.ActiveCfg = Debug|Any CPU
		{1F6A9320-E2A5-433F-ADED-0DF09E778D2A}.Debug|Any CPU.Build.0 = Debug|Any CPU
		{1F6A9320-E2A5-433F-ADED-0DF09E778D2A}.Release|Any CPU.ActiveCfg = Release|Any CPU
		{1F6A9320-E2A5-433F-ADED-0DF09E778D2A}.Release|Any CPU.Build.0 = Release|Any CPU
	EndGlobalSection
	GlobalSection(SolutionProperties) = preSolution
		HideSolutionNode = FALSE
	EndGlobalSection
	GlobalSection(ExtensibilityGlobals) = postSolution
		SolutionGuid = {9035E046-2448-470F-9604-3021964A3B84}
	EndGlobalSection
EndGlobal
