
Microsoft Visual Studio Solution File, Format Version 12.00
# Visual Studio 15
VisualStudioVersion = 15.0.27004.2009
MinimumVisualStudioVersion = 10.0.40219.1
Project("{FAE04EC0-301F-11D3-BF4B-00C04F79EFBC}") = "DrawDiamond", "DrawDiamond\DrawDiamond.csproj", "{33BEF98F-55D4-4525-928A-2F421F3FF790}"
EndProject
Global
	GlobalSection(SolutionConfigurationPlatforms) = preSolution
		Debug|Any CPU = Debug|Any CPU
		Release|Any CPU = Release|Any CPU
	EndGlobalSection
	GlobalSection(ProjectConfigurationPlatforms) = postSolution
		{33BEF98F-55D4-4525-928A-2F421F3FF790}.Debug|Any CPU.ActiveCfg = Debug|Any CPU
		{33BEF98F-55D4-4525-928A-2F421F3FF790}.Debug|Any CPU.Build.0 = Debug|Any CPU
		{33BEF98F-55D4-4525-928A-2F421F3FF790}.Release|Any CPU.ActiveCfg = Release|Any CPU
		{33BEF98F-55D4-4525-928A-2F421F3FF790}.Release|Any CPU.Build.0 = Release|Any CPU
	EndGlobalSection
	GlobalSection(SolutionProperties) = preSolution
		HideSolutionNode = FALSE
	EndGlobalSection
	GlobalSection(ExtensibilityGlobals) = postSolution
		SolutionGuid = {CB1DF717-4312-4490-96B4-56C79AFBDB5D}
	EndGlobalSection
EndGlobal
